
Microsoft Visual Studio Solution File, Format Version 12.00
# Visual Studio 15
VisualStudioVersion = 15.0.27004.2005
MinimumVisualStudioVersion = 10.0.40219.1
Project("{F184B08F-C81C-45F6-A57F-5ABD9991F28F}") = "AL.Software.CarDashboard.GUI", "AL.Software.CarDashboard.GUI\AL.Software.CarDashboard.GUI.vbproj", "{A38F6DC6-9EFF-4043-9514-CF10E26A5BAE}"
EndProject
Global
	GlobalSection(SolutionConfigurationPlatforms) = preSolution
		Debug|Any CPU = Debug|Any CPU
		Release|Any CPU = Release|Any CPU
	EndGlobalSection
	GlobalSection(ProjectConfigurationPlatforms) = postSolution
		{A38F6DC6-9EFF-4043-9514-CF10E26A5BAE}.Debug|Any CPU.ActiveCfg = Debug|Any CPU
		{A38F6DC6-9EFF-4043-9514-CF10E26A5BAE}.Debug|Any CPU.Build.0 = Debug|Any CPU
		{A38F6DC6-9EFF-4043-9514-CF10E26A5BAE}.Release|Any CPU.ActiveCfg = Release|Any CPU
		{A38F6DC6-9EFF-4043-9514-CF10E26A5BAE}.Release|Any CPU.Build.0 = Release|Any CPU
	EndGlobalSection
	GlobalSection(SolutionProperties) = preSolution
		HideSolutionNode = FALSE
	EndGlobalSection
	GlobalSection(ExtensibilityGlobals) = postSolution
		SolutionGuid = {265C503E-504C-4385-ADDC-F67588B9AD30}
	EndGlobalSection
EndGlobal
